// !$*UTF8*$!
{
	archiveVersion = 1;
	classes = {
	};
	objectVersion = 46;
	objects = {

/* Begin PBXBuildFile section */
		3806F31219AC44F000751C26 /* AppDelegate.swift in Sources */ = {isa = PBXBuildFile; fileRef = 3806F31119AC44F000751C26 /* AppDelegate.swift */; };
		3806F31419AC44F000751C26 /* SearchResultsViewController.swift in Sources */ = {isa = PBXBuildFile; fileRef = 3806F31319AC44F000751C26 /* SearchResultsViewController.swift */; };
		3806F31719AC44F000751C26 /* Main.storyboard in Resources */ = {isa = PBXBuildFile; fileRef = 3806F31519AC44F000751C26 /* Main.storyboard */; };
		3806F31919AC44F000751C26 /* Images.xcassets in Resources */ = {isa = PBXBuildFile; fileRef = 3806F31819AC44F000751C26 /* Images.xcassets */; };
		3806F32519AC44F000751C26 /* HelloWorldTests.swift in Sources */ = {isa = PBXBuildFile; fileRef = 3806F32419AC44F000751C26 /* HelloWorldTests.swift */; };
		38A1E25719ADAB4D008AD879 /* APIController.swift in Sources */ = {isa = PBXBuildFile; fileRef = 38A1E25619ADAB4D008AD879 /* APIController.swift */; };
/* End PBXBuildFile section */

/* Begin PBXContainerItemProxy section */
		3806F31F19AC44F000751C26 /* PBXContainerItemProxy */ = {
			isa = PBXContainerItemProxy;
			containerPortal = 3806F30419AC44F000751C26 /* Project object */;
			proxyType = 1;
			remoteGlobalIDString = 3806F30B19AC44F000751C26;
			remoteInfo = HelloWorld;
		};
/* End PBXContainerItemProxy section */

/* Begin PBXFileReference section */
		3806F30C19AC44F000751C26 /* HelloWorld.app */ = {isa = PBXFileReference; explicitFileType = wrapper.application; includeInIndex = 0; path = HelloWorld.app; sourceTree = BUILT_PRODUCTS_DIR; };
		3806F31019AC44F000751C26 /* Info.plist */ = {isa = PBXFileReference; lastKnownFileType = text.plist.xml; path = Info.plist; sourceTree = "<group>"; };
		3806F31119AC44F000751C26 /* AppDelegate.swift */ = {isa = PBXFileReference; lastKnownFileType = sourcecode.swift; path = AppDelegate.swift; sourceTree = "<group>"; };
		3806F31319AC44F000751C26 /* SearchResultsViewController.swift */ = {isa = PBXFileReference; lastKnownFileType = sourcecode.swift; path = SearchResultsViewController.swift; sourceTree = "<group>"; };
		3806F31619AC44F000751C26 /* Base */ = {isa = PBXFileReference; lastKnownFileType = file.storyboard; name = Base; path = Base.lproj/Main.storyboard; sourceTree = "<group>"; };
		3806F31819AC44F000751C26 /* Images.xcassets */ = {isa = PBXFileReference; lastKnownFileType = folder.assetcatalog; path = Images.xcassets; sourceTree = "<group>"; };
		3806F31E19AC44F000751C26 /* HelloWorldTests.xctest */ = {isa = PBXFileReference; explicitFileType = wrapper.cfbundle; includeInIndex = 0; path = HelloWorldTests.xctest; sourceTree = BUILT_PRODUCTS_DIR; };
		3806F32319AC44F000751C26 /* Info.plist */ = {isa = PBXFileReference; lastKnownFileType = text.plist.xml; path = Info.plist; sourceTree = "<group>"; };
		3806F32419AC44F000751C26 /* HelloWorldTests.swift */ = {isa = PBXFileReference; lastKnownFileType = sourcecode.swift; path = HelloWorldTests.swift; sourceTree = "<group>"; };
		38A1E25619ADAB4D008AD879 /* APIController.swift */ = {isa = PBXFileReference; fileEncoding = 4; lastKnownFileType = sourcecode.swift; path = APIController.swift; sourceTree = "<group>"; };
/* End PBXFileReference section */

/* Begin PBXFrameworksBuildPhase section */
		3806F30919AC44F000751C26 /* Frameworks */ = {
			isa = PBXFrameworksBuildPhase;
			buildActionMask = 2147483647;
			files = (
			);
			runOnlyForDeploymentPostprocessing = 0;
		};
		3806F31B19AC44F000751C26 /* Frameworks */ = {
			isa = PBXFrameworksBuildPhase;
			buildActionMask = 2147483647;
			files = (
			);
			runOnlyForDeploymentPostprocessing = 0;
		};
/* End PBXFrameworksBuildPhase section */

/* Begin PBXGroup section */
		3806F30319AC44F000751C26 = {
			isa = PBXGroup;
			children = (
				3806F30E19AC44F000751C26 /* HelloWorld */,
				3806F32119AC44F000751C26 /* HelloWorldTests */,
				3806F30D19AC44F000751C26 /* Products */,
			);
			sourceTree = "<group>";
		};
		3806F30D19AC44F000751C26 /* Products */ = {
			isa = PBXGroup;
			children = (
				3806F30C19AC44F000751C26 /* HelloWorld.app */,
				3806F31E19AC44F000751C26 /* HelloWorldTests.xctest */,
			);
			name = Products;
			sourceTree = "<group>";
		};
		3806F30E19AC44F000751C26 /* HelloWorld */ = {
			isa = PBXGroup;
			children = (
				3806F31119AC44F000751C26 /* AppDelegate.swift */,
				3806F31319AC44F000751C26 /* SearchResultsViewController.swift */,
				3806F31519AC44F000751C26 /* Main.storyboard */,
				3806F31819AC44F000751C26 /* Images.xcassets */,
				3806F30F19AC44F000751C26 /* Supporting Files */,
				38A1E25619ADAB4D008AD879 /* APIController.swift */,
			);
			path = HelloWorld;
			sourceTree = "<group>";
		};
		3806F30F19AC44F000751C26 /* Supporting Files */ = {
			isa = PBXGroup;
			children = (
				3806F31019AC44F000751C26 /* Info.plist */,
			);
			name = "Supporting Files";
			sourceTree = "<group>";
		};
		3806F32119AC44F000751C26 /* HelloWorldTests */ = {
			isa = PBXGroup;
			children = (
				3806F32419AC44F000751C26 /* HelloWorldTests.swift */,
				3806F32219AC44F000751C26 /* Supporting Files */,
			);
			path = HelloWorldTests;
			sourceTree = "<group>";
		};
		3806F32219AC44F000751C26 /* Supporting Files */ = {
			isa = PBXGroup;
			children = (
				3806F32319AC44F000751C26 /* Info.plist */,
			);
			name = "Supporting Files";
			sourceTree = "<group>";
		};
/* End PBXGroup section */

/* Begin PBXNativeTarget section */
		3806F30B19AC44F000751C26 /* HelloWorld */ = {
			isa = PBXNativeTarget;
			buildConfigurationList = 3806F32819AC44F000751C26 /* Build configuration list for PBXNativeTarget "HelloWorld" */;
			buildPhases = (
				3806F30819AC44F000751C26 /* Sources */,
				3806F30919AC44F000751C26 /* Frameworks */,
				3806F30A19AC44F000751C26 /* Resources */,
			);
			buildRules = (
			);
			dependencies = (
			);
			name = HelloWorld;
			productName = HelloWorld;
			productReference = 3806F30C19AC44F000751C26 /* HelloWorld.app */;
			productType = "com.apple.product-type.application";
		};
		3806F31D19AC44F000751C26 /* HelloWorldTests */ = {
			isa = PBXNativeTarget;
			buildConfigurationList = 3806F32B19AC44F000751C26 /* Build configuration list for PBXNativeTarget "HelloWorldTests" */;
			buildPhases = (
				3806F31A19AC44F000751C26 /* Sources */,
				3806F31B19AC44F000751C26 /* Frameworks */,
				3806F31C19AC44F000751C26 /* Resources */,
			);
			buildRules = (
			);
			dependencies = (
				3806F32019AC44F000751C26 /* PBXTargetDependency */,
			);
			name = HelloWorldTests;
			productName = HelloWorldTests;
			productReference = 3806F31E19AC44F000751C26 /* HelloWorldTests.xctest */;
			productType = "com.apple.product-type.bundle.unit-test";
		};
/* End PBXNativeTarget section */

/* Begin PBXProject section */
		3806F30419AC44F000751C26 /* Project object */ = {
			isa = PBXProject;
			attributes = {
				LastUpgradeCheck = 0600;
				ORGANIZATIONNAME = "Jennifer Huang";
				TargetAttributes = {
					3806F30B19AC44F000751C26 = {
						CreatedOnToolsVersion = 6.0;
					};
					3806F31D19AC44F000751C26 = {
						CreatedOnToolsVersion = 6.0;
						TestTargetID = 3806F30B19AC44F000751C26;
					};
				};
			};
			buildConfigurationList = 3806F30719AC44F000751C26 /* Build configuration list for PBXProject "HelloWorld" */;
			compatibilityVersion = "Xcode 3.2";
			developmentRegion = English;
			hasScannedForEncodings = 0;
			knownRegions = (
				en,
				Base,
			);
			mainGroup = 3806F30319AC44F000751C26;
			productRefGroup = 3806F30D19AC44F000751C26 /* Products */;
			projectDirPath = "";
			projectRoot = "";
			targets = (
				3806F30B19AC44F000751C26 /* HelloWorld */,
				3806F31D19AC44F000751C26 /* HelloWorldTests */,
			);
		};
/* End PBXProject section */

/* Begin PBXResourcesBuildPhase section */
		3806F30A19AC44F000751C26 /* Resources */ = {
			isa = PBXResourcesBuildPhase;
			buildActionMask = 2147483647;
			files = (
				3806F31719AC44F000751C26 /* Main.storyboard in Resources */,
				3806F31919AC44F000751C26 /* Images.xcassets in Resources */,
			);
			runOnlyForDeploymentPostprocessing = 0;
		};
		3806F31C19AC44F000751C26 /* Resources */ = {
			isa = PBXResourcesBuildPhase;
			buildActionMask = 2147483647;
			files = (
			);
			runOnlyForDeploymentPostprocessing = 0;
		};
/* End PBXResourcesBuildPhase section */

/* Begin PBXSourcesBuildPhase section */
		3806F30819AC44F000751C26 /* Sources */ = {
			isa = PBXSourcesBuildPhase;
			buildActionMask = 2147483647;
			files = (
				3806F31419AC44F000751C26 /* SearchResultsViewController.swift in Sources */,
				3806F31219AC44F000751C26 /* AppDelegate.swift in Sources */,
				38A1E25719ADAB4D008AD879 /* APIController.swift in Sources */,
			);
			runOnlyForDeploymentPostprocessing = 0;
		};
		3806F31A19AC44F000751C26 /* Sources */ = {
			isa = PBXSourcesBuildPhase;
			buildActionMask = 2147483647;
			files = (
				3806F32519AC44F000751C26 /* HelloWorldTests.swift in Sources */,
			);
			runOnlyForDeploymentPostprocessing = 0;
		};
/* End PBXSourcesBuildPhase section */

/* Begin PBXTargetDependency section */
		3806F32019AC44F000751C26 /* PBXTargetDependency */ = {
			isa = PBXTargetDependency;
			target = 3806F30B19AC44F000751C26 /* HelloWorld */;
			targetProxy = 3806F31F19AC44F000751C26 /* PBXContainerItemProxy */;
		};
/* End PBXTargetDependency section */

/* Begin PBXVariantGroup section */
		3806F31519AC44F000751C26 /* Main.storyboard */ = {
			isa = PBXVariantGroup;
			children = (
				3806F31619AC44F000751C26 /* Base */,
			);
			name = Main.storyboard;
			sourceTree = "<group>";
		};
/* End PBXVariantGroup section */

/* Begin XCBuildConfiguration section */
		3806F32619AC44F000751C26 /* Debug */ = {
			isa = XCBuildConfiguration;
			buildSettings = {
				ALWAYS_SEARCH_USER_PATHS = NO;
				CLANG_CXX_LANGUAGE_STANDARD = "gnu++0x";
				CLANG_CXX_LIBRARY = "libc++";
				CLANG_ENABLE_MODULES = YES;
				CLANG_ENABLE_OBJC_ARC = YES;
				CLANG_WARN_BOOL_CONVERSION = YES;
				CLANG_WARN_CONSTANT_CONVERSION = YES;
				CLANG_WARN_DIRECT_OBJC_ISA_USAGE = YES_ERROR;
				CLANG_WARN_EMPTY_BODY = YES;
				CLANG_WARN_ENUM_CONVERSION = YES;
				CLANG_WARN_INT_CONVERSION = YES;
				CLANG_WARN_OBJC_ROOT_CLASS = YES_ERROR;
				CLANG_WARN_UNREACHABLE_CODE = YES;
				CLANG_WARN__DUPLICATE_METHOD_MATCH = YES;
				"CODE_SIGN_IDENTITY[sdk=iphoneos*]" = "iPhone Developer";
				COPY_PHASE_STRIP = NO;
				ENABLE_STRICT_OBJC_MSGSEND = YES;
				GCC_C_LANGUAGE_STANDARD = gnu99;
				GCC_DYNAMIC_NO_PIC = NO;
				GCC_OPTIMIZATION_LEVEL = 0;
				GCC_PREPROCESSOR_DEFINITIONS = (
					"DEBUG=1",
					"$(inherited)",
				);
				GCC_SYMBOLS_PRIVATE_EXTERN = NO;
				GCC_WARN_64_TO_32_BIT_CONVERSION = YES;
				GCC_WARN_ABOUT_RETURN_TYPE = YES_ERROR;
				GCC_WARN_UNDECLARED_SELECTOR = YES;
				GCC_WARN_UNINITIALIZED_AUTOS = YES_AGGRESSIVE;
				GCC_WARN_UNUSED_FUNCTION = YES;
				GCC_WARN_UNUSED_VARIABLE = YES;
				IPHONEOS_DEPLOYMENT_TARGET = 8.0;
				MTL_ENABLE_DEBUG_INFO = YES;
				ONLY_ACTIVE_ARCH = YES;
				SDKROOT = iphoneos;
				SWIFT_OPTIMIZATION_LEVEL = "-Onone";
			};
			name = Debug;
		};
		3806F32719AC44F000751C26 /* Release */ = {
			isa = XCBuildConfiguration;
			buildSettings = {
				ALWAYS_SEARCH_USER_PATHS = NO;
				CLANG_CXX_LANGUAGE_STANDARD = "gnu++0x";
				CLANG_CXX_LIBRARY = "libc++";
				CLANG_ENABLE_MODULES = YES;
				CLANG_ENABLE_OBJC_ARC = YES;
				CLANG_WARN_BOOL_CONVERSION = YES;
				CLANG_WARN_CONSTANT_CONVERSION = YES;
				CLANG_WARN_DIRECT_OBJC_ISA_USAGE = YES_ERROR;
				CLANG_WARN_EMPTY_BODY = YES;
				CLANG_WARN_ENUM_CONVERSION = YES;
				CLANG_WARN_INT_CONVERSION = YES;
				CLANG_WARN_OBJC_ROOT_CLASS = YES_ERROR;
				CLANG_WARN_UNREACHABLE_CODE = YES;
				CLANG_WARN__DUPLICATE_METHOD_MATCH = YES;
				"CODE_SIGN_IDENTITY[sdk=iphoneos*]" = "iPhone Developer";
				COPY_PHASE_STRIP = YES;
				ENABLE_NS_ASSERTIONS = NO;
				ENABLE_STRICT_OBJC_MSGSEND = YES;
				GCC_C_LANGUAGE_STANDARD = gnu99;
				GCC_WARN_64_TO_32_BIT_CONVERSION = YES;
				GCC_WARN_ABOUT_RETURN_TYPE = YES_ERROR;
				GCC_WARN_UNDECLARED_SELECTOR = YES;
				GCC_WARN_UNINITIALIZED_AUTOS = YES_AGGRESSIVE;
				GCC_WARN_UNUSED_FUNCTION = YES;
				GCC_WARN_UNUSED_VARIABLE = YES;
				IPHONEOS_DEPLOYMENT_TARGET = 8.0;
				MTL_ENABLE_DEBUG_INFO = NO;
				SDKROOT = iphoneos;
				VALIDATE_PRODUCT = YES;
			};
			name = Release;
		};
		3806F32919AC44F000751C26 /* Debug */ = {
			isa = XCBuildConfiguration;
			buildSettings = {
				ASSETCATALOG_COMPILER_APPICON_NAME = AppIcon;
				ASSETCATALOG_COMPILER_LAUNCHIMAGE_NAME = LaunchImage;
				INFOPLIST_FILE = HelloWorld/Info.plist;
				LD_RUNPATH_SEARCH_PATHS = "$(inherited) @executable_path/Frameworks";
				PRODUCT_NAME = "$(TARGET_NAME)";
			};
			name = Debug;
		};
		3806F32A19AC44F000751C26 /* Release */ = {
			isa = XCBuildConfiguration;
			buildSettings = {
				ASSETCATALOG_COMPILER_APPICON_NAME = AppIcon;
				ASSETCATALOG_COMPILER_LAUNCHIMAGE_NAME = LaunchImage;
				INFOPLIST_FILE = HelloWorld/Info.plist;
				LD_RUNPATH_SEARCH_PATHS = "$(inherited) @executable_path/Frameworks";
				PRODUCT_NAME = "$(TARGET_NAME)";
			};
			name = Release;
		};
		3806F32C19AC44F000751C26 /* Debug */ = {
			isa = XCBuildConfiguration;
			buildSettings = {
				BUNDLE_LOADER = "$(TEST_HOST)";
				FRAMEWORK_SEARCH_PATHS = (
					"$(SDKROOT)/Developer/Library/Frameworks",
					"$(inherited)",
				);
				GCC_PREPROCESSOR_DEFINITIONS = (
					"DEBUG=1",
					"$(inherited)",
				);
				INFOPLIST_FILE = HelloWorldTests/Info.plist;
				LD_RUNPATH_SEARCH_PATHS = "$(inherited) @executable_path/Frameworks @loader_path/Frameworks";
				PRODUCT_NAME = "$(TARGET_NAME)";
				TEST_HOST = "$(BUILT_PRODUCTS_DIR)/HelloWorld.app/HelloWorld";
			};
			name = Debug;
		};
		3806F32D19AC44F000751C26 /* Release */ = {
			isa = XCBuildConfiguration;
			buildSettings = {
				BUNDLE_LOADER = "$(TEST_HOST)";
				FRAMEWORK_SEARCH_PATHS = (
					"$(SDKROOT)/Developer/Library/Frameworks",
					"$(inherited)",
				);
				INFOPLIST_FILE = HelloWorldTests/Info.plist;
				LD_RUNPATH_SEARCH_PATHS = "$(inherited) @executable_path/Frameworks @loader_path/Frameworks";
				PRODUCT_NAME = "$(TARGET_NAME)";
				TEST_HOST = "$(BUILT_PRODUCTS_DIR)/HelloWorld.app/HelloWorld";
			};
			name = Release;
		};
/* End XCBuildConfiguration section */

/* Begin XCConfigurationList section */
		3806F30719AC44F000751C26 /* Build configuration list for PBXProject "HelloWorld" */ = {
			isa = XCConfigurationList;
			buildConfigurations = (
				3806F32619AC44F000751C26 /* Debug */,
				3806F32719AC44F000751C26 /* Release */,
			);
			defaultConfigurationIsVisible = 0;
			defaultConfigurationName = Release;
		};
		3806F32819AC44F000751C26 /* Build configuration list for PBXNativeTarget "HelloWorld" */ = {
			isa = XCConfigurationList;
			buildConfigurations = (
				3806F32919AC44F000751C26 /* Debug */,
				3806F32A19AC44F000751C26 /* Release */,
			);
			defaultConfigurationIsVisible = 0;
			defaultConfigurationName = Release;
		};
		3806F32B19AC44F000751C26 /* Build configuration list for PBXNativeTarget "HelloWorldTests" */ = {
			isa = XCConfigurationList;
			buildConfigurations = (
				3806F32C19AC44F000751C26 /* Debug */,
				3806F32D19AC44F000751C26 /* Release */,
			);
			defaultConfigurationIsVisible = 0;
			defaultConfigurationName = Release;
		};
/* End XCConfigurationList section */
	};
	rootObject = 3806F30419AC44F000751C26 /* Project object */;
}
